
Microsoft Visual Studio Solution File, Format Version 12.00
# Visual Studio 15
VisualStudioVersion = 15.0.27703.2042
MinimumVisualStudioVersion = 10.0.40219.1
Project("{9A19103F-16F7-4668-BE54-9A1E7A4F7556}") = "DatingApp.API", "DatingApp.API.csproj", "{BA8916BF-30BE-4C24-807D-3CAD7F11792E}"
EndProject
Global
	GlobalSection(SolutionConfigurationPlatforms) = preSolution
		Debug|Any CPU = Debug|Any CPU
		Release|Any CPU = Release|Any CPU
	EndGlobalSection
	GlobalSection(ProjectConfigurationPlatforms) = postSolution
		{BA8916BF-30BE-4C24-807D-3CAD7F11792E}.Debug|Any CPU.ActiveCfg = Debug|Any CPU
		{BA8916BF-30BE-4C24-807D-3CAD7F11792E}.Debug|Any CPU.Build.0 = Debug|Any CPU
		{BA8916BF-30BE-4C24-807D-3CAD7F11792E}.Release|Any CPU.ActiveCfg = Release|Any CPU
		{BA8916BF-30BE-4C24-807D-3CAD7F11792E}.Release|Any CPU.Build.0 = Release|Any CPU
	EndGlobalSection
	GlobalSection(SolutionProperties) = preSolution
		HideSolutionNode = FALSE
	EndGlobalSection
	GlobalSection(ExtensibilityGlobals) = postSolution
		SolutionGuid = {604E9775-8B7E-4BD8-90CA-245049135412}
	EndGlobalSection
EndGlobal
